
Microsoft Visual Studio Solution File, Format Version 12.00
# Visual Studio Version 17
VisualStudioVersion = 17.2.32602.215
MinimumVisualStudioVersion = 10.0.40219.1
Project("{FAE04EC0-301F-11D3-BF4B-00C04F79EFBC}") = "ShoppingCart", "ShoppingCart\ShoppingCart.csproj", "{9B043745-AF0B-457E-BECC-76F8E8CC5A2A}"
EndProject
Global
	GlobalSection(SolutionConfigurationPlatforms) = preSolution
		Debug|Any CPU = Debug|Any CPU
		Release|Any CPU = Release|Any CPU
	EndGlobalSection
	GlobalSection(ProjectConfigurationPlatforms) = postSolution
		{9B043745-AF0B-457E-BECC-76F8E8CC5A2A}.Debug|Any CPU.ActiveCfg = Debug|Any CPU
		{9B043745-AF0B-457E-BECC-76F8E8CC5A2A}.Debug|Any CPU.Build.0 = Debug|Any CPU
		{9B043745-AF0B-457E-BECC-76F8E8CC5A2A}.Release|Any CPU.ActiveCfg = Release|Any CPU
		{9B043745-AF0B-457E-BECC-76F8E8CC5A2A}.Release|Any CPU.Build.0 = Release|Any CPU
	EndGlobalSection
	GlobalSection(SolutionProperties) = preSolution
		HideSolutionNode = FALSE
	EndGlobalSection
	GlobalSection(ExtensibilityGlobals) = postSolution
		SolutionGuid = {7A3E575D-3627-4758-8F06-E95200C37596}
	EndGlobalSection
EndGlobal
